
Microsoft Visual Studio Solution File, Format Version 12.00
# Visual Studio Version 17
VisualStudioVersion = 17.14.36408.4 d17.14
MinimumVisualStudioVersion = 10.0.40219.1
Project("{FAE04EC0-301F-11D3-BF4B-00C04F79EFBC}") = "Company,Route.PL", "Company,Route.PL\Company,Route.PL.csproj", "{5F1F632D-704E-471E-BEF0-8F599E7D5CAD}"
EndProject
Project("{FAE04EC0-301F-11D3-BF4B-00C04F79EFBC}") = "Company.Route.DAL", "Company.Route.DAL\Company.Route.DAL.csproj", "{31536912-6FA5-4009-8EE0-5A44775FDC1E}"
EndProject
Project("{FAE04EC0-301F-11D3-BF4B-00C04F79EFBC}") = "Company.Route.BLL", "Company.Route.BLL\Company.Route.BLL.csproj", "{1A201DA1-FDEC-4332-A9A3-C0824C7F229B}"
EndProject
Global
	GlobalSection(SolutionConfigurationPlatforms) = preSolution
		Debug|Any CPU = Debug|Any CPU
		Release|Any CPU = Release|Any CPU
	EndGlobalSection
	GlobalSection(ProjectConfigurationPlatforms) = postSolution
		{5F1F632D-704E-471E-BEF0-8F599E7D5CAD}.Debug|Any CPU.ActiveCfg = Debug|Any CPU
		{5F1F632D-704E-471E-BEF0-8F599E7D5CAD}.Debug|Any CPU.Build.0 = Debug|Any CPU
		{5F1F632D-704E-471E-BEF0-8F599E7D5CAD}.Release|Any CPU.ActiveCfg = Release|Any CPU
		{5F1F632D-704E-471E-BEF0-8F599E7D5CAD}.Release|Any CPU.Build.0 = Release|Any CPU
		{31536912-6FA5-4009-8EE0-5A44775FDC1E}.Debug|Any CPU.ActiveCfg = Debug|Any CPU
		{31536912-6FA5-4009-8EE0-5A44775FDC1E}.Debug|Any CPU.Build.0 = Debug|Any CPU
		{31536912-6FA5-4009-8EE0-5A44775FDC1E}.Release|Any CPU.ActiveCfg = Release|Any CPU
		{31536912-6FA5-4009-8EE0-5A44775FDC1E}.Release|Any CPU.Build.0 = Release|Any CPU
		{1A201DA1-FDEC-4332-A9A3-C0824C7F229B}.Debug|Any CPU.ActiveCfg = Debug|Any CPU
		{1A201DA1-FDEC-4332-A9A3-C0824C7F229B}.Debug|Any CPU.Build.0 = Debug|Any CPU
		{1A201DA1-FDEC-4332-A9A3-C0824C7F229B}.Release|Any CPU.ActiveCfg = Release|Any CPU
		{1A201DA1-FDEC-4332-A9A3-C0824C7F229B}.Release|Any CPU.Build.0 = Release|Any CPU
	EndGlobalSection
	GlobalSection(SolutionProperties) = preSolution
		HideSolutionNode = FALSE
	EndGlobalSection
	GlobalSection(ExtensibilityGlobals) = postSolution
		SolutionGuid = {F90FE9E7-331D-4F7F-8907-7FD761E2032E}
	EndGlobalSection
EndGlobal
